// !$*UTF8*$!
{
	archiveVersion = 1;
	classes = {
	};
	objectVersion = 46;
	objects = {

/* Begin PBXBuildFile section */
		3C6724811EC1708400F4E014 /* main.m in Sources */ = {isa = PBXBuildFile; fileRef = 3C6724801EC1708400F4E014 /* main.m */; };
		3C6724841EC1708400F4E014 /* AppDelegate.m in Sources */ = {isa = PBXBuildFile; fileRef = 3C6724831EC1708400F4E014 /* AppDelegate.m */; };
		3C6724871EC1708500F4E014 /* ViewController.m in Sources */ = {isa = PBXBuildFile; fileRef = 3C6724861EC1708500F4E014 /* ViewController.m */; };
		3C67248A1EC1708500F4E014 /* Main.storyboard in Resources */ = {isa = PBXBuildFile; fileRef = 3C6724881EC1708500F4E014 /* Main.storyboard */; };
		3C67248C1EC1708500F4E014 /* Assets.xcassets in Resources */ = {isa = PBXBuildFile; fileRef = 3C67248B1EC1708500F4E014 /* Assets.xcassets */; };
		3C67248F1EC1708500F4E014 /* LaunchScreen.storyboard in Resources */ = {isa = PBXBuildFile; fileRef = 3C67248D1EC1708500F4E014 /* LaunchScreen.storyboard */; };
		3C67249A1EC1708500F4E014 /* __Tests.m in Sources */ = {isa = PBXBuildFile; fileRef = 3C6724991EC1708500F4E014 /* __Tests.m */; };
		3C6724A51EC1708500F4E014 /* __UITests.m in Sources */ = {isa = PBXBuildFile; fileRef = 3C6724A41EC1708500F4E014 /* __UITests.m */; };
/* End PBXBuildFile section */

/* Begin PBXContainerItemProxy section */
		3C6724961EC1708500F4E014 /* PBXContainerItemProxy */ = {
			isa = PBXContainerItemProxy;
			containerPortal = 3C6724741EC1708400F4E014 /* Project object */;
			proxyType = 1;
			remoteGlobalIDString = 3C67247B1EC1708400F4E014;
			remoteInfo = "画板";
		};
		3C6724A11EC1708500F4E014 /* PBXContainerItemProxy */ = {
			isa = PBXContainerItemProxy;
			containerPortal = 3C6724741EC1708400F4E014 /* Project object */;
			proxyType = 1;
			remoteGlobalIDString = 3C67247B1EC1708400F4E014;
			remoteInfo = "画板";
		};
/* End PBXContainerItemProxy section */

/* Begin PBXFileReference section */
		3C67247C1EC1708400F4E014 /* 画板.app */ = {isa = PBXFileReference; explicitFileType = wrapper.application; includeInIndex = 0; path = "画板.app"; sourceTree = BUILT_PRODUCTS_DIR; };
		3C6724801EC1708400F4E014 /* main.m */ = {isa = PBXFileReference; lastKnownFileType = sourcecode.c.objc; path = main.m; sourceTree = "<group>"; };
		3C6724821EC1708400F4E014 /* AppDelegate.h */ = {isa = PBXFileReference; lastKnownFileType = sourcecode.c.h; path = AppDelegate.h; sourceTree = "<group>"; };
		3C6724831EC1708400F4E014 /* AppDelegate.m */ = {isa = PBXFileReference; lastKnownFileType = sourcecode.c.objc; path = AppDelegate.m; sourceTree = "<group>"; };
		3C6724851EC1708400F4E014 /* ViewController.h */ = {isa = PBXFileReference; lastKnownFileType = sourcecode.c.h; path = ViewController.h; sourceTree = "<group>"; };
		3C6724861EC1708500F4E014 /* ViewController.m */ = {isa = PBXFileReference; lastKnownFileType = sourcecode.c.objc; path = ViewController.m; sourceTree = "<group>"; };
		3C6724891EC1708500F4E014 /* Base */ = {isa = PBXFileReference; lastKnownFileType = file.storyboard; name = Base; path = Base.lproj/Main.storyboard; sourceTree = "<group>"; };
		3C67248B1EC1708500F4E014 /* Assets.xcassets */ = {isa = PBXFileReference; lastKnownFileType = folder.assetcatalog; path = Assets.xcassets; sourceTree = "<group>"; };
		3C67248E1EC1708500F4E014 /* Base */ = {isa = PBXFileReference; lastKnownFileType = file.storyboard; name = Base; path = Base.lproj/LaunchScreen.storyboard; sourceTree = "<group>"; };
		3C6724901EC1708500F4E014 /* Info.plist */ = {isa = PBXFileReference; lastKnownFileType = text.plist.xml; path = Info.plist; sourceTree = "<group>"; };
		3C6724951EC1708500F4E014 /* 画板Tests.xctest */ = {isa = PBXFileReference; explicitFileType = wrapper.cfbundle; includeInIndex = 0; path = "画板Tests.xctest"; sourceTree = BUILT_PRODUCTS_DIR; };
		3C6724991EC1708500F4E014 /* __Tests.m */ = {isa = PBXFileReference; lastKnownFileType = sourcecode.c.objc; path = __Tests.m; sourceTree = "<group>"; };
		3C67249B1EC1708500F4E014 /* Info.plist */ = {isa = PBXFileReference; lastKnownFileType = text.plist.xml; path = Info.plist; sourceTree = "<group>"; };
		3C6724A01EC1708500F4E014 /* 画板UITests.xctest */ = {isa = PBXFileReference; explicitFileType = wrapper.cfbundle; includeInIndex = 0; path = "画板UITests.xctest"; sourceTree = BUILT_PRODUCTS_DIR; };
		3C6724A41EC1708500F4E014 /* __UITests.m */ = {isa = PBXFileReference; lastKnownFileType = sourcecode.c.objc; path = __UITests.m; sourceTree = "<group>"; };
		3C6724A61EC1708500F4E014 /* Info.plist */ = {isa = PBXFileReference; lastKnownFileType = text.plist.xml; path = Info.plist; sourceTree = "<group>"; };
/* End PBXFileReference section */

/* Begin PBXFrameworksBuildPhase section */
		3C6724791EC1708400F4E014 /* Frameworks */ = {
			isa = PBXFrameworksBuildPhase;
			buildActionMask = 2147483647;
			files = (
			);
			runOnlyForDeploymentPostprocessing = 0;
		};
		3C6724921EC1708500F4E014 /* Frameworks */ = {
			isa = PBXFrameworksBuildPhase;
			buildActionMask = 2147483647;
			files = (
			);
			runOnlyForDeploymentPostprocessing = 0;
		};
		3C67249D1EC1708500F4E014 /* Frameworks */ = {
			isa = PBXFrameworksBuildPhase;
			buildActionMask = 2147483647;
			files = (
			);
			runOnlyForDeploymentPostprocessing = 0;
		};
/* End PBXFrameworksBuildPhase section */

/* Begin PBXGroup section */
		3C6724731EC1708400F4E014 = {
			isa = PBXGroup;
			children = (
				3C67247E1EC1708400F4E014 /* 画板 */,
				3C6724981EC1708500F4E014 /* 画板Tests */,
				3C6724A31EC1708500F4E014 /* 画板UITests */,
				3C67247D1EC1708400F4E014 /* Products */,
			);
			sourceTree = "<group>";
		};
		3C67247D1EC1708400F4E014 /* Products */ = {
			isa = PBXGroup;
			children = (
				3C67247C1EC1708400F4E014 /* 画板.app */,
				3C6724951EC1708500F4E014 /* 画板Tests.xctest */,
				3C6724A01EC1708500F4E014 /* 画板UITests.xctest */,
			);
			name = Products;
			sourceTree = "<group>";
		};
		3C67247E1EC1708400F4E014 /* 画板 */ = {
			isa = PBXGroup;
			children = (
				3C6724821EC1708400F4E014 /* AppDelegate.h */,
				3C6724831EC1708400F4E014 /* AppDelegate.m */,
				3C6724851EC1708400F4E014 /* ViewController.h */,
				3C6724861EC1708500F4E014 /* ViewController.m */,
				3C6724881EC1708500F4E014 /* Main.storyboard */,
				3C67248B1EC1708500F4E014 /* Assets.xcassets */,
				3C67248D1EC1708500F4E014 /* LaunchScreen.storyboard */,
				3C6724901EC1708500F4E014 /* Info.plist */,
				3C67247F1EC1708400F4E014 /* Supporting Files */,
			);
			path = "画板";
			sourceTree = "<group>";
		};
		3C67247F1EC1708400F4E014 /* Supporting Files */ = {
			isa = PBXGroup;
			children = (
				3C6724801EC1708400F4E014 /* main.m */,
			);
			name = "Supporting Files";
			sourceTree = "<group>";
		};
		3C6724981EC1708500F4E014 /* 画板Tests */ = {
			isa = PBXGroup;
			children = (
				3C6724991EC1708500F4E014 /* __Tests.m */,
				3C67249B1EC1708500F4E014 /* Info.plist */,
			);
			path = "画板Tests";
			sourceTree = "<group>";
		};
		3C6724A31EC1708500F4E014 /* 画板UITests */ = {
			isa = PBXGroup;
			children = (
				3C6724A41EC1708500F4E014 /* __UITests.m */,
				3C6724A61EC1708500F4E014 /* Info.plist */,
			);
			path = "画板UITests";
			sourceTree = "<group>";
		};
/* End PBXGroup section */

/* Begin PBXNativeTarget section */
		3C67247B1EC1708400F4E014 /* 画板 */ = {
			isa = PBXNativeTarget;
			buildConfigurationList = 3C6724A91EC1708500F4E014 /* Build configuration list for PBXNativeTarget "画板" */;
			buildPhases = (
				3C6724781EC1708400F4E014 /* Sources */,
				3C6724791EC1708400F4E014 /* Frameworks */,
				3C67247A1EC1708400F4E014 /* Resources */,
			);
			buildRules = (
			);
			dependencies = (
			);
			name = "画板";
			productName = "画板";
			productReference = 3C67247C1EC1708400F4E014 /* 画板.app */;
			productType = "com.apple.product-type.application";
		};
		3C6724941EC1708500F4E014 /* 画板Tests */ = {
			isa = PBXNativeTarget;
			buildConfigurationList = 3C6724AC1EC1708500F4E014 /* Build configuration list for PBXNativeTarget "画板Tests" */;
			buildPhases = (
				3C6724911EC1708500F4E014 /* Sources */,
				3C6724921EC1708500F4E014 /* Frameworks */,
				3C6724931EC1708500F4E014 /* Resources */,
			);
			buildRules = (
			);
			dependencies = (
				3C6724971EC1708500F4E014 /* PBXTargetDependency */,
			);
			name = "画板Tests";
			productName = "画板Tests";
			productReference = 3C6724951EC1708500F4E014 /* 画板Tests.xctest */;
			productType = "com.apple.product-type.bundle.unit-test";
		};
		3C67249F1EC1708500F4E014 /* 画板UITests */ = {
			isa = PBXNativeTarget;
			buildConfigurationList = 3C6724AF1EC1708500F4E014 /* Build configuration list for PBXNativeTarget "画板UITests" */;
			buildPhases = (
				3C67249C1EC1708500F4E014 /* Sources */,
				3C67249D1EC1708500F4E014 /* Frameworks */,
				3C67249E1EC1708500F4E014 /* Resources */,
			);
			buildRules = (
			);
			dependencies = (
				3C6724A21EC1708500F4E014 /* PBXTargetDependency */,
			);
			name = "画板UITests";
			productName = "画板UITests";
			productReference = 3C6724A01EC1708500F4E014 /* 画板UITests.xctest */;
			productType = "com.apple.product-type.bundle.ui-testing";
		};
/* End PBXNativeTarget section */

/* Begin PBXProject section */
		3C6724741EC1708400F4E014 /* Project object */ = {
			isa = PBXProject;
			attributes = {
				LastUpgradeCheck = 0830;
				ORGANIZATIONNAME = "Kython Shu";
				TargetAttributes = {
					3C67247B1EC1708400F4E014 = {
						CreatedOnToolsVersion = 8.3.2;
						DevelopmentTeam = 9PP5QAAG5K;
						ProvisioningStyle = Automatic;
					};
					3C6724941EC1708500F4E014 = {
						CreatedOnToolsVersion = 8.3.2;
						DevelopmentTeam = 9PP5QAAG5K;
						ProvisioningStyle = Automatic;
						TestTargetID = 3C67247B1EC1708400F4E014;
					};
					3C67249F1EC1708500F4E014 = {
						CreatedOnToolsVersion = 8.3.2;
						DevelopmentTeam = 9PP5QAAG5K;
						ProvisioningStyle = Automatic;
						TestTargetID = 3C67247B1EC1708400F4E014;
					};
				};
			};
			buildConfigurationList = 3C6724771EC1708400F4E014 /* Build configuration list for PBXProject "画板" */;
			compatibilityVersion = "Xcode 3.2";
			developmentRegion = English;
			hasScannedForEncodings = 0;
			knownRegions = (
				en,
				Base,
			);
			mainGroup = 3C6724731EC1708400F4E014;
			productRefGroup = 3C67247D1EC1708400F4E014 /* Products */;
			projectDirPath = "";
			projectRoot = "";
			targets = (
				3C67247B1EC1708400F4E014 /* 画板 */,
				3C6724941EC1708500F4E014 /* 画板Tests */,
				3C67249F1EC1708500F4E014 /* 画板UITests */,
			);
		};
/* End PBXProject section */

/* Begin PBXResourcesBuildPhase section */
		3C67247A1EC1708400F4E014 /* Resources */ = {
			isa = PBXResourcesBuildPhase;
			buildActionMask = 2147483647;
			files = (
				3C67248F1EC1708500F4E014 /* LaunchScreen.storyboard in Resources */,
				3C67248C1EC1708500F4E014 /* Assets.xcassets in Resources */,
				3C67248A1EC1708500F4E014 /* Main.storyboard in Resources */,
			);
			runOnlyForDeploymentPostprocessing = 0;
		};
		3C6724931EC1708500F4E014 /* Resources */ = {
			isa = PBXResourcesBuildPhase;
			buildActionMask = 2147483647;
			files = (
			);
			runOnlyForDeploymentPostprocessing = 0;
		};
		3C67249E1EC1708500F4E014 /* Resources */ = {
			isa = PBXResourcesBuildPhase;
			buildActionMask = 2147483647;
			files = (
			);
			runOnlyForDeploymentPostprocessing = 0;
		};
/* End PBXResourcesBuildPhase section */

/* Begin PBXSourcesBuildPhase section */
		3C6724781EC1708400F4E014 /* Sources */ = {
			isa = PBXSourcesBuildPhase;
			buildActionMask = 2147483647;
			files = (
				3C6724871EC1708500F4E014 /* ViewController.m in Sources */,
				3C6724841EC1708400F4E014 /* AppDelegate.m in Sources */,
				3C6724811EC1708400F4E014 /* main.m in Sources */,
			);
			runOnlyForDeploymentPostprocessing = 0;
		};
		3C6724911EC1708500F4E014 /* Sources */ = {
			isa = PBXSourcesBuildPhase;
			buildActionMask = 2147483647;
			files = (
				3C67249A1EC1708500F4E014 /* __Tests.m in Sources */,
			);
			runOnlyForDeploymentPostprocessing = 0;
		};
		3C67249C1EC1708500F4E014 /* Sources */ = {
			isa = PBXSourcesBuildPhase;
			buildActionMask = 2147483647;
			files = (
				3C6724A51EC1708500F4E014 /* __UITests.m in Sources */,
			);
			runOnlyForDeploymentPostprocessing = 0;
		};
/* End PBXSourcesBuildPhase section */

/* Begin PBXTargetDependency section */
		3C6724971EC1708500F4E014 /* PBXTargetDependency */ = {
			isa = PBXTargetDependency;
			target = 3C67247B1EC1708400F4E014 /* 画板 */;
			targetProxy = 3C6724961EC1708500F4E014 /* PBXContainerItemProxy */;
		};
		3C6724A21EC1708500F4E014 /* PBXTargetDependency */ = {
			isa = PBXTargetDependency;
			target = 3C67247B1EC1708400F4E014 /* 画板 */;
			targetProxy = 3C6724A11EC1708500F4E014 /* PBXContainerItemProxy */;
		};
/* End PBXTargetDependency section */

/* Begin PBXVariantGroup section */
		3C6724881EC1708500F4E014 /* Main.storyboard */ = {
			isa = PBXVariantGroup;
			children = (
				3C6724891EC1708500F4E014 /* Base */,
			);
			name = Main.storyboard;
			sourceTree = "<group>";
		};
		3C67248D1EC1708500F4E014 /* LaunchScreen.storyboard */ = {
			isa = PBXVariantGroup;
			children = (
				3C67248E1EC1708500F4E014 /* Base */,
			);
			name = LaunchScreen.storyboard;
			sourceTree = "<group>";
		};
/* End PBXVariantGroup section */

/* Begin XCBuildConfiguration section */
		3C6724A71EC1708500F4E014 /* Debug */ = {
			isa = XCBuildConfiguration;
			buildSettings = {
				ALWAYS_SEARCH_USER_PATHS = NO;
				CLANG_ANALYZER_NONNULL = YES;
				CLANG_ANALYZER_NUMBER_OBJECT_CONVERSION = YES_AGGRESSIVE;
				CLANG_CXX_LANGUAGE_STANDARD = "gnu++0x";
				CLANG_CXX_LIBRARY = "libc++";
				CLANG_ENABLE_MODULES = YES;
				CLANG_ENABLE_OBJC_ARC = YES;
				CLANG_WARN_BOOL_CONVERSION = YES;
				CLANG_WARN_CONSTANT_CONVERSION = YES;
				CLANG_WARN_DIRECT_OBJC_ISA_USAGE = YES_ERROR;
				CLANG_WARN_DOCUMENTATION_COMMENTS = YES;
				CLANG_WARN_EMPTY_BODY = YES;
				CLANG_WARN_ENUM_CONVERSION = YES;
				CLANG_WARN_INFINITE_RECURSION = YES;
				CLANG_WARN_INT_CONVERSION = YES;
				CLANG_WARN_OBJC_ROOT_CLASS = YES_ERROR;
				CLANG_WARN_SUSPICIOUS_MOVE = YES;
				CLANG_WARN_UNREACHABLE_CODE = YES;
				CLANG_WARN__DUPLICATE_METHOD_MATCH = YES;
				"CODE_SIGN_IDENTITY[sdk=iphoneos*]" = "iPhone Developer";
				COPY_PHASE_STRIP = NO;
				DEBUG_INFORMATION_FORMAT = dwarf;
				ENABLE_STRICT_OBJC_MSGSEND = YES;
				ENABLE_TESTABILITY = YES;
				GCC_C_LANGUAGE_STANDARD = gnu99;
				GCC_DYNAMIC_NO_PIC = NO;
				GCC_NO_COMMON_BLOCKS = YES;
				GCC_OPTIMIZATION_LEVEL = 0;
				GCC_PREPROCESSOR_DEFINITIONS = (
					"DEBUG=1",
					"$(inherited)",
				);
				GCC_WARN_64_TO_32_BIT_CONVERSION = YES;
				GCC_WARN_ABOUT_RETURN_TYPE = YES_ERROR;
				GCC_WARN_UNDECLARED_SELECTOR = YES;
				GCC_WARN_UNINITIALIZED_AUTOS = YES_AGGRESSIVE;
				GCC_WARN_UNUSED_FUNCTION = YES;
				GCC_WARN_UNUSED_VARIABLE = YES;
				IPHONEOS_DEPLOYMENT_TARGET = 10.3;
				MTL_ENABLE_DEBUG_INFO = YES;
				ONLY_ACTIVE_ARCH = YES;
				SDKROOT = iphoneos;
			};
			name = Debug;
		};
		3C6724A81EC1708500F4E014 /* Release */ = {
			isa = XCBuildConfiguration;
			buildSettings = {
				ALWAYS_SEARCH_USER_PATHS = NO;
				CLANG_ANALYZER_NONNULL = YES;
				CLANG_ANALYZER_NUMBER_OBJECT_CONVERSION = YES_AGGRESSIVE;
				CLANG_CXX_LANGUAGE_STANDARD = "gnu++0x";
				CLANG_CXX_LIBRARY = "libc++";
				CLANG_ENABLE_MODULES = YES;
				CLANG_ENABLE_OBJC_ARC = YES;
				CLANG_WARN_BOOL_CONVERSION = YES;
				CLANG_WARN_CONSTANT_CONVERSION = YES;
				CLANG_WARN_DIRECT_OBJC_ISA_USAGE = YES_ERROR;
				CLANG_WARN_DOCUMENTATION_COMMENTS = YES;
				CLANG_WARN_EMPTY_BODY = YES;
				CLANG_WARN_ENUM_CONVERSION = YES;
				CLANG_WARN_INFINITE_RECURSION = YES;
				CLANG_WARN_INT_CONVERSION = YES;
				CLANG_WARN_OBJC_ROOT_CLASS = YES_ERROR;
				CLANG_WARN_SUSPICIOUS_MOVE = YES;
				CLANG_WARN_UNREACHABLE_CODE = YES;
				CLANG_WARN__DUPLICATE_METHOD_MATCH = YES;
				"CODE_SIGN_IDENTITY[sdk=iphoneos*]" = "iPhone Developer";
				COPY_PHASE_STRIP = NO;
				DEBUG_INFORMATION_FORMAT = "dwarf-with-dsym";
				ENABLE_NS_ASSERTIONS = NO;
				ENABLE_STRICT_OBJC_MSGSEND = YES;
				GCC_C_LANGUAGE_STANDARD = gnu99;
				GCC_NO_COMMON_BLOCKS = YES;
				GCC_WARN_64_TO_32_BIT_CONVERSION = YES;
				GCC_WARN_ABOUT_RETURN_TYPE = YES_ERROR;
				GCC_WARN_UNDECLARED_SELECTOR = YES;
				GCC_WARN_UNINITIALIZED_AUTOS = YES_AGGRESSIVE;
				GCC_WARN_UNUSED_FUNCTION = YES;
				GCC_WARN_UNUSED_VARIABLE = YES;
				IPHONEOS_DEPLOYMENT_TARGET = 10.3;
				MTL_ENABLE_DEBUG_INFO = NO;
				SDKROOT = iphoneos;
				VALIDATE_PRODUCT = YES;
			};
			name = Release;
		};
		3C6724AA1EC1708500F4E014 /* Debug */ = {
			isa = XCBuildConfiguration;
			buildSettings = {
				ASSETCATALOG_COMPILER_APPICON_NAME = AppIcon;
				DEVELOPMENT_TEAM = 9PP5QAAG5K;
				INFOPLIST_FILE = "画板/Info.plist";
				LD_RUNPATH_SEARCH_PATHS = "$(inherited) @executable_path/Frameworks";
				PRODUCT_BUNDLE_IDENTIFIER = "kython.--";
				PRODUCT_NAME = "$(TARGET_NAME)";
			};
			name = Debug;
		};
		3C6724AB1EC1708500F4E014 /* Release */ = {
			isa = XCBuildConfiguration;
			buildSettings = {
				ASSETCATALOG_COMPILER_APPICON_NAME = AppIcon;
				DEVELOPMENT_TEAM = 9PP5QAAG5K;
				INFOPLIST_FILE = "画板/Info.plist";
				LD_RUNPATH_SEARCH_PATHS = "$(inherited) @executable_path/Frameworks";
				PRODUCT_BUNDLE_IDENTIFIER = "kython.--";
				PRODUCT_NAME = "$(TARGET_NAME)";
			};
			name = Release;
		};
		3C6724AD1EC1708500F4E014 /* Debug */ = {
			isa = XCBuildConfiguration;
			buildSettings = {
				BUNDLE_LOADER = "$(TEST_HOST)";
				DEVELOPMENT_TEAM = 9PP5QAAG5K;
				INFOPLIST_FILE = "画板Tests/Info.plist";
				LD_RUNPATH_SEARCH_PATHS = "$(inherited) @executable_path/Frameworks @loader_path/Frameworks";
				PRODUCT_BUNDLE_IDENTIFIER = "kython.--Tests";
				PRODUCT_NAME = "$(TARGET_NAME)";
				TEST_HOST = "$(BUILT_PRODUCTS_DIR)/画板.app/画板";
			};
			name = Debug;
		};
		3C6724AE1EC1708500F4E014 /* Release */ = {
			isa = XCBuildConfiguration;
			buildSettings = {
				BUNDLE_LOADER = "$(TEST_HOST)";
				DEVELOPMENT_TEAM = 9PP5QAAG5K;
				INFOPLIST_FILE = "画板Tests/Info.plist";
				LD_RUNPATH_SEARCH_PATHS = "$(inherited) @executable_path/Frameworks @loader_path/Frameworks";
				PRODUCT_BUNDLE_IDENTIFIER = "kython.--Tests";
				PRODUCT_NAME = "$(TARGET_NAME)";
				TEST_HOST = "$(BUILT_PRODUCTS_DIR)/画板.app/画板";
			};
			name = Release;
		};
		3C6724B01EC1708500F4E014 /* Debug */ = {
			isa = XCBuildConfiguration;
			buildSettings = {
				DEVELOPMENT_TEAM = 9PP5QAAG5K;
				INFOPLIST_FILE = "画板UITests/Info.plist";
				LD_RUNPATH_SEARCH_PATHS = "$(inherited) @executable_path/Frameworks @loader_path/Frameworks";
				PRODUCT_BUNDLE_IDENTIFIER = "kython.--UITests";
				PRODUCT_NAME = "$(TARGET_NAME)";
				TEST_TARGET_NAME = "画板";
			};
			name = Debug;
		};
		3C6724B11EC1708500F4E014 /* Release */ = {
			isa = XCBuildConfiguration;
			buildSettings = {
				DEVELOPMENT_TEAM = 9PP5QAAG5K;
				INFOPLIST_FILE = "画板UITests/Info.plist";
				LD_RUNPATH_SEARCH_PATHS = "$(inherited) @executable_path/Frameworks @loader_path/Frameworks";
				PRODUCT_BUNDLE_IDENTIFIER = "kython.--UITests";
				PRODUCT_NAME = "$(TARGET_NAME)";
				TEST_TARGET_NAME = "画板";
			};
			name = Release;
		};
/* End XCBuildConfiguration section */

/* Begin XCConfigurationList section */
		3C6724771EC1708400F4E014 /* Build configuration list for PBXProject "画板" */ = {
			isa = XCConfigurationList;
			buildConfigurations = (
				3C6724A71EC1708500F4E014 /* Debug */,
				3C6724A81EC1708500F4E014 /* Release */,
			);
			defaultConfigurationIsVisible = 0;
			defaultConfigurationName = Release;
		};
		3C6724A91EC1708500F4E014 /* Build configuration list for PBXNativeTarget "画板" */ = {
			isa = XCConfigurationList;
			buildConfigurations = (
				3C6724AA1EC1708500F4E014 /* Debug */,
				3C6724AB1EC1708500F4E014 /* Release */,
			);
			defaultConfigurationIsVisible = 0;
		};
		3C6724AC1EC1708500F4E014 /* Build configuration list for PBXNativeTarget "画板Tests" */ = {
			isa = XCConfigurationList;
			buildConfigurations = (
				3C6724AD1EC1708500F4E014 /* Debug */,
				3C6724AE1EC1708500F4E014 /* Release */,
			);
			defaultConfigurationIsVisible = 0;
		};
		3C6724AF1EC1708500F4E014 /* Build configuration list for PBXNativeTarget "画板UITests" */ = {
			isa = XCConfigurationList;
			buildConfigurations = (
				3C6724B01EC1708500F4E014 /* Debug */,
				3C6724B11EC1708500F4E014 /* Release */,
			);
			defaultConfigurationIsVisible = 0;
		};
/* End XCConfigurationList section */
	};
	rootObject = 3C6724741EC1708400F4E014 /* Project object */;
}
